dependencies:
- name: cockroachdb
  repository: https://charts.cockroachdb.com/
  version: 6.0.1
- name: nsqd
  repository: https://scoretrak.github.io/helm-charts
  version: 0.2.1
digest: sha256:12d61a35df11d199fed8a6b071de9731654e49c7fbcf7c638da905bb598ce397
generated: "2021-09-30T14:45:16.080217977-04:00"
