dependencies:
- name: cockroachdb
  repository: https://charts.cockroachdb.com/
  version: 6.0.1
- name: nsq
  repository: https://beeinventor.github.io/charts
  version: 1.2.0
digest: sha256:51929647771e4eb58cc061742624c62d871061e7e7c81f54f5743b0d4e7194dd
generated: "2021-10-04T09:32:51.43915-04:00"
