dependencies:
- name: envoy
  repository: file://../envoy
  version: 0.2.16
- name: server
  repository: file://../server
  version: 0.2.22
- name: client
  repository: file://../client
  version: 0.2.10
- name: payments
  repository: file://../payments
  version: 0.1.8
- name: commercebackend
  repository: file://../commercebackend
  version: 0.1.5
- name: commerceui
  repository: file://../commerceui
  version: 0.1.1
- name: cockroachdb
  repository: https://charts.cockroachdb.com/
  version: 6.2.4
- name: nsq
  repository: https://beeinventor.github.io/charts
  version: 1.2.0
digest: sha256:3c064825e33c5f696fde02a5f7c02496411bed9e63a9a3cf70fc5d936cbea62f
generated: "2021-10-15T04:44:16.766723623-04:00"
