dependencies:
- name: envoy
  repository: file://../envoy
  version: 0.2.16
- name: server
  repository: file://../server
  version: 0.3.0
- name: client
  repository: file://../client
  version: 0.2.10
- name: payments
  repository: file://../payments
  version: 0.1.8
- name: commercebackend
  repository: file://../commercebackend
  version: 0.1.7
- name: commerceui
  repository: file://../commerceui
  version: 0.1.1
- name: cockroachdb
  repository: https://charts.cockroachdb.com/
  version: 6.2.4
- name: nsq
  repository: https://beeinventor.github.io/charts
  version: 1.2.0
digest: sha256:c57df1cb629169024c4bc254b547c37a7068f8f51c6ff9956cd7f4c686985304
generated: "2021-12-31T11:55:17.215262-05:00"
