dependencies:
- name: server
  repository: https://scoretrak.github.io/helm-charts
  version: 0.2.4
- name: client
  repository: https://scoretrak.github.io/helm-charts
  version: 0.2.2
digest: sha256:03ade46e4359e58c1d4d440604d816d34901f891a78c49959644b4874b1f1757
generated: "2021-09-30T22:21:48.447114513-04:00"
