dependencies:
- name: server
  repository: https://scoretrak.github.io/helm-charts
  version: 0.2.8
- name: client
  repository: https://scoretrak.github.io/helm-charts
  version: 0.2.3
digest: sha256:45400ddac9c0ab4da4528a6f1a1d4fa3f5527832f6748726f8dc3cdaed03efed
generated: "2021-10-01T13:37:51.981442824-04:00"
